
Microsoft Visual Studio Solution File, Format Version 12.00
# Visual Studio Version 17
VisualStudioVersion = 17.0.31903.59
MinimumVisualStudioVersion = 10.0.40219.1
Project("{FAE04EC0-301F-11D3-BF4B-00C04F79EFBC}") = "Uninstaller.App", "src\Uninstaller.App\Uninstaller.App.csproj", "{16B2809C-5B25-4709-9ADF-AD0102B36820}"
EndProject
Project("{FAE04EC0-301F-11D3-BF4B-00C04F79EFBC}") = "Uninstaller.Core", "src\Uninstaller.Core\Uninstaller.Core.csproj", "{D8351420-E594-493B-809E-0C718EA970FB}"
EndProject
Global
	GlobalSection(SolutionConfigurationPlatforms) = preSolution
		Debug|Any CPU = Debug|Any CPU
		Debug|x64 = Debug|x64
		Release|Any CPU = Release|Any CPU
		Release|x64 = Release|x64
	EndGlobalSection
	GlobalSection(ProjectConfigurationPlatforms) = postSolution
		{16B2809C-5B25-4709-9ADF-AD0102B36820}.Debug|Any CPU.ActiveCfg = Debug|Any CPU
		{16B2809C-5B25-4709-9ADF-AD0102B36820}.Debug|Any CPU.Build.0 = Debug|Any CPU
		{16B2809C-5B25-4709-9ADF-AD0102B36820}.Debug|x64.ActiveCfg = Debug|x64
		{16B2809C-5B25-4709-9ADF-AD0102B36820}.Debug|x64.Build.0 = Debug|x64
		{16B2809C-5B25-4709-9ADF-AD0102B36820}.Release|Any CPU.ActiveCfg = Release|Any CPU
		{16B2809C-5B25-4709-9ADF-AD0102B36820}.Release|Any CPU.Build.0 = Release|Any CPU
		{16B2809C-5B25-4709-9ADF-AD0102B36820}.Release|x64.ActiveCfg = Release|x64
		{16B2809C-5B25-4709-9ADF-AD0102B36820}.Release|x64.Build.0 = Release|x64
		{D8351420-E594-493B-809E-0C718EA970FB}.Debug|Any CPU.ActiveCfg = Debug|Any CPU
		{D8351420-E594-493B-809E-0C718EA970FB}.Debug|Any CPU.Build.0 = Debug|Any CPU
		{D8351420-E594-493B-809E-0C718EA970FB}.Debug|x64.ActiveCfg = Debug|x64
		{D8351420-E594-493B-809E-0C718EA970FB}.Debug|x64.Build.0 = Debug|x64
		{D8351420-E594-493B-809E-0C718EA970FB}.Release|Any CPU.ActiveCfg = Release|Any CPU
		{D8351420-E594-493B-809E-0C718EA970FB}.Release|Any CPU.Build.0 = Release|Any CPU
		{D8351420-E594-493B-809E-0C718EA970FB}.Release|x64.ActiveCfg = Release|x64
		{D8351420-E594-493B-809E-0C718EA970FB}.Release|x64.Build.0 = Release|x64
	EndGlobalSection
	GlobalSection(SolutionProperties) = preSolution
		HideSolutionNode = FALSE
	EndGlobalSection
	GlobalSection(ExtensibilityGlobals) = postSolution
		SolutionGuid = {EDBE9F6B-B8B9-4C4B-9B14-4845A4A45B8B}
	EndGlobalSection
EndGlobal
